
Microsoft Visual Studio Solution File, Format Version 12.00
# Visual Studio Version 16
VisualStudioVersion = 16.0.32106.194
MinimumVisualStudioVersion = 10.0.40219.1
Project("{FAE04EC0-301F-11D3-BF4B-00C04F79EFBC}") = "prjWebCsRemax", "prjWebCsRemax\prjWebCsRemax.csproj", "{A6D527C0-A511-48FE-9048-87339D004C01}"
EndProject
Global
	GlobalSection(SolutionConfigurationPlatforms) = preSolution
		Debug|Any CPU = Debug|Any CPU
		Release|Any CPU = Release|Any CPU
	EndGlobalSection
	GlobalSection(ProjectConfigurationPlatforms) = postSolution
		{A6D527C0-A511-48FE-9048-87339D004C01}.Debug|Any CPU.ActiveCfg = Debug|Any CPU
		{A6D527C0-A511-48FE-9048-87339D004C01}.Debug|Any CPU.Build.0 = Debug|Any CPU
		{A6D527C0-A511-48FE-9048-87339D004C01}.Release|Any CPU.ActiveCfg = Release|Any CPU
		{A6D527C0-A511-48FE-9048-87339D004C01}.Release|Any CPU.Build.0 = Release|Any CPU
	EndGlobalSection
	GlobalSection(SolutionProperties) = preSolution
		HideSolutionNode = FALSE
	EndGlobalSection
	GlobalSection(ExtensibilityGlobals) = postSolution
		SolutionGuid = {67739F9D-6F14-4F6E-92DE-E525A4F6ECFE}
	EndGlobalSection
EndGlobal
