
Microsoft Visual Studio Solution File, Format Version 12.00
# Visual Studio Version 16
VisualStudioVersion = 16.0.32106.194
MinimumVisualStudioVersion = 10.0.40219.1
Project("{FAE04EC0-301F-11D3-BF4B-00C04F79EFBC}") = "prjWebCsAdoDataset", "prjWebCsAdoDataset\prjWebCsAdoDataset.csproj", "{0BE60258-667E-424E-A3A7-A236C6100851}"
EndProject
Global
	GlobalSection(SolutionConfigurationPlatforms) = preSolution
		Debug|Any CPU = Debug|Any CPU
		Release|Any CPU = Release|Any CPU
	EndGlobalSection
	GlobalSection(ProjectConfigurationPlatforms) = postSolution
		{0BE60258-667E-424E-A3A7-A236C6100851}.Debug|Any CPU.ActiveCfg = Debug|Any CPU
		{0BE60258-667E-424E-A3A7-A236C6100851}.Debug|Any CPU.Build.0 = Debug|Any CPU
		{0BE60258-667E-424E-A3A7-A236C6100851}.Release|Any CPU.ActiveCfg = Release|Any CPU
		{0BE60258-667E-424E-A3A7-A236C6100851}.Release|Any CPU.Build.0 = Release|Any CPU
	EndGlobalSection
	GlobalSection(SolutionProperties) = preSolution
		HideSolutionNode = FALSE
	EndGlobalSection
	GlobalSection(ExtensibilityGlobals) = postSolution
		SolutionGuid = {24B39A8E-61AD-4C41-AB29-B50839D8D563}
	EndGlobalSection
EndGlobal
